{
  "name": "jester-tester",
  "version": "1.1.0",
  "dependencies": {
    "eslint": {
      "version": "0.4.2",
      "from": "eslint@0.4.2",
      "resolved": "https://registry.npmjs.org/eslint/-/eslint-0.4.2.tgz",
      "dependencies": {
        "optionator": {
          "version": "0.1.1",
          "from": "optionator@~0.1.1",
          "dependencies": {
            "prelude-ls": {
              "version": "1.0.3",
              "from": "prelude-ls@~1.0.3"
            },
            "deep-is": {
              "version": "0.1.2",
              "from": "deep-is@~0.1.2"
            },
            "wordwrap": {
              "version": "0.0.2",
              "from": "wordwrap@~0.0.2"
            },
            "type-check": {
              "version": "0.3.1",
              "from": "type-check@~0.3.0",
              "resolved": "https://registry.npmjs.org/type-check/-/type-check-0.3.1.tgz",
              "dependencies": {
                "prelude-ls": {
                  "version": "1.1.1",
                  "from": "prelude-ls@~1.1.0",
                  "resolved": "https://registry.npmjs.org/prelude-ls/-/prelude-ls-1.1.1.tgz"
                }
              }
            },
            "levn": {
              "version": "0.2.5",
              "from": "levn@~0.2.1",
              "resolved": "https://registry.npmjs.org/levn/-/levn-0.2.5.tgz",
              "dependencies": {
                "prelude-ls": {
                  "version": "1.1.1",
                  "from": "prelude-ls@~1.1.0",
                  "resolved": "https://registry.npmjs.org/prelude-ls/-/prelude-ls-1.1.1.tgz"
                }
              }
            },
            "levenshtein-damerau": {
              "version": "0.1.0-2",
              "from": "levenshtein-damerau@~0.1.0"
            }
          }
        },
        "estraverse": {
          "version": "1.3.2",
          "from": "estraverse@~1.3.0"
        },
        "esprima": {
          "version": "1.2.2",
          "from": "esprima@*",
          "resolved": "https://registry.npmjs.org/esprima/-/esprima-1.2.2.tgz"
        },
        "escope": {
          "version": "1.0.0",
          "from": "escope@1.0.0",
          "resolved": "https://registry.npmjs.org/escope/-/escope-1.0.0.tgz"
        },
        "text-table": {
          "version": "0.2.0",
          "from": "text-table@~0.2.0"
        },
        "chalk": {
          "version": "0.4.0",
          "from": "chalk@~0.4.0",
          "dependencies": {
            "has-color": {
              "version": "0.1.7",
              "from": "has-color@~0.1.0",
              "resolved": "https://registry.npmjs.org/has-color/-/has-color-0.1.7.tgz"
            },
            "ansi-styles": {
              "version": "1.0.0",
              "from": "ansi-styles@~1.0.0"
            },
            "strip-ansi": {
              "version": "0.1.1",
              "from": "strip-ansi@~0.1.0"
            }
          }
        },
        "strip-json-comments": {
          "version": "0.1.2",
          "from": "strip-json-comments@~0.1.1",
          "resolved": "https://registry.npmjs.org/strip-json-comments/-/strip-json-comments-0.1.2.tgz"
        },
        "js-yaml": {
          "version": "3.0.2",
          "from": "js-yaml@~3.0.1",
          "dependencies": {
            "argparse": {
              "version": "0.1.15",
              "from": "argparse@~ 0.1.11",
              "dependencies": {
                "underscore": {
                  "version": "1.4.4",
                  "from": "underscore@~1.4.3"
                },
                "underscore.string": {
                  "version": "2.3.3",
                  "from": "underscore.string@~2.3.1"
                }
              }
            },
            "esprima": {
              "version": "1.0.4",
              "from": "esprima@1.0.x"
            }
          }
        },
        "doctrine": {
          "version": "0.3.0",
          "from": "doctrine@~0.3.0"
        }
      }
    },
    "eslint-path-formatter": {
      "version": "0.1.1",
      "from": "eslint-path-formatter@0.1.1",
      "resolved": "https://registry.npmjs.org/eslint-path-formatter/-/eslint-path-formatter-0.1.1.tgz",
      "dependencies": {
        "source-map": {
          "version": "0.1.33",
          "from": "source-map@~0.1.27",
          "dependencies": {
            "amdefine": {
              "version": "0.1.0",
              "from": "amdefine@>=0.0.4"
            }
          }
        }
      }
    },
    "glob": {
      "version": "3.2.8",
      "from": "glob@3.2.8",
      "resolved": "https://registry.npmjs.org/glob/-/glob-3.2.8.tgz",
      "dependencies": {
        "minimatch": {
          "version": "0.2.14",
          "from": "minimatch@0.2.14",
          "dependencies": {
            "lru-cache": {
              "version": "2.5.0",
              "from": "lru-cache@2"
            },
            "sigmund": {
              "version": "1.0.0",
              "from": "sigmund@~1.0.0"
            }
          }
        },
        "inherits": {
          "version": "2.0.1",
          "from": "inherits@2"
        }
      }
    },
    "jsdoc": {
      "version": "3.3.0-alpha5",
      "from": "jsdoc@~3.3.0",
      "dependencies": {
        "async": {
          "version": "0.1.22",
          "from": "async@~0.1.22"
        },
        "catharsis": {
          "version": "0.7.1",
          "from": "catharsis@~0.7.0"
        },
        "esprima": {
          "version": "1.0.4",
          "from": "esprima@~ 1.0.2"
        },
        "js2xmlparser": {
          "version": "0.1.3",
          "from": "js2xmlparser@~0.1.0"
        },
        "marked": {
          "version": "0.3.2",
          "from": "marked@~0.3.1"
        },
        "taffydb": {
          "version": "2.6.2",
          "from": "https://github.com/hegemonic/taffydb/tarball/master",
          "resolved": "https://github.com/hegemonic/taffydb/tarball/master"
        },
        "underscore": {
          "version": "1.4.4",
          "from": "underscore@~1.4.2"
        },
        "wrench": {
          "version": "1.3.9",
          "from": "wrench@~1.3.9"
        }
      }
    },
    "json-loader": {
      "version": "0.5.0",
      "from": "json-loader@~0.5.0"
    },
    "karma": {
      "version": "0.12.13",
      "from": "karma@0.12.13",
      "resolved": "https://registry.npmjs.org/karma/-/karma-0.12.13.tgz",
      "dependencies": {
        "di": {
          "version": "0.0.1",
          "from": "di@~0.0.1"
        },
        "socket.io": {
          "version": "0.9.16",
          "from": "socket.io@~0.9.13",
          "dependencies": {
            "socket.io-client": {
              "version": "0.9.16",
              "from": "socket.io-client@0.9.16",
              "resolved": "https://registry.npmjs.org/socket.io-client/-/socket.io-client-0.9.16.tgz",
              "dependencies": {
                "uglify-js": {
                  "version": "1.2.5",
                  "from": "uglify-js@1.2.5"
                },
                "ws": {
                  "version": "0.4.31",
                  "from": "ws@0.4.x",
                  "dependencies": {
                    "commander": {
                      "version": "0.6.1",
                      "from": "commander@~0.6.1"
                    },
                    "nan": {
                      "version": "0.3.2",
                      "from": "nan@~0.3.0"
                    },
                    "tinycolor": {
                      "version": "0.0.1",
                      "from": "tinycolor@0.x"
                    },
                    "options": {
                      "version": "0.0.5",
                      "from": "options@>=0.0.5"
                    }
                  }
                },
                "xmlhttprequest": {
                  "version": "1.4.2",
                  "from": "xmlhttprequest@1.4.2",
                  "resolved": "https://registry.npmjs.org/xmlhttprequest/-/xmlhttprequest-1.4.2.tgz"
                },
                "active-x-obfuscator": {
                  "version": "0.0.1",
                  "from": "active-x-obfuscator@0.0.1",
                  "dependencies": {
                    "zeparser": {
                      "version": "0.0.5",
                      "from": "zeparser@0.0.5"
                    }
                  }
                }
              }
            },
            "policyfile": {
              "version": "0.0.4",
              "from": "policyfile@0.0.4",
              "resolved": "https://registry.npmjs.org/policyfile/-/policyfile-0.0.4.tgz"
            },
            "base64id": {
              "version": "0.1.0",
              "from": "base64id@0.1.0",
              "resolved": "https://registry.npmjs.org/base64id/-/base64id-0.1.0.tgz"
            },
            "redis": {
              "version": "0.7.3",
              "from": "redis@0.7.3",
              "resolved": "https://registry.npmjs.org/redis/-/redis-0.7.3.tgz"
            }
          }
        },
        "chokidar": {
          "version": "0.8.2",
          "from": "chokidar@>=0.8.2",
          "dependencies": {
            "recursive-readdir": {
              "version": "0.0.2",
              "from": "recursive-readdir@0.0.2",
              "resolved": "https://registry.npmjs.org/recursive-readdir/-/recursive-readdir-0.0.2.tgz"
            }
          }
        },
        "minimatch": {
          "version": "0.2.14",
          "from": "minimatch@~0.2",
          "dependencies": {
            "lru-cache": {
              "version": "2.5.0",
              "from": "lru-cache@2"
            },
            "sigmund": {
              "version": "1.0.0",
              "from": "sigmund@~1.0.0"
            }
          }
        },
        "http-proxy": {
          "version": "0.10.4",
          "from": "http-proxy@~0.10",
          "dependencies": {
            "pkginfo": {
              "version": "0.3.0",
              "from": "pkginfo@0.3.x"
            },
            "utile": {
              "version": "0.2.1",
              "from": "utile@~0.2.1",
              "dependencies": {
                "async": {
                  "version": "0.2.10",
                  "from": "async@~0.2.9"
                },
                "deep-equal": {
                  "version": "0.2.1",
                  "from": "deep-equal@*"
                },
                "i": {
                  "version": "0.3.2",
                  "from": "i@0.3.x"
                },
                "ncp": {
                  "version": "0.4.2",
                  "from": "ncp@0.4.x",
                  "resolved": "https://registry.npmjs.org/ncp/-/ncp-0.4.2.tgz"
                }
              }
            }
          }
        },
        "optimist": {
          "version": "0.6.1",
          "from": "optimist@~0.6.0",
          "dependencies": {
            "wordwrap": {
              "version": "0.0.2",
              "from": "wordwrap@~0.0.2"
            },
            "minimist": {
              "version": "0.0.10",
              "from": "minimist@~0.0.1",
              "resolved": "https://registry.npmjs.org/minimist/-/minimist-0.0.10.tgz"
            }
          }
        },
        "rimraf": {
          "version": "2.2.8",
          "from": "rimraf@~2.2.2",
          "resolved": "https://registry.npmjs.org/rimraf/-/rimraf-2.2.8.tgz"
        },
        "q": {
          "version": "0.9.7",
          "from": "q@~0.9.7"
        },
        "colors": {
          "version": "0.6.2",
          "from": "colors@~0.6.2"
        },
        "lodash": {
          "version": "2.4.1",
          "from": "lodash@~2.4.1"
        },
        "mime": {
          "version": "1.2.11",
          "from": "mime@~1.2.11"
        },
        "log4js": {
          "version": "0.6.14",
          "from": "log4js@~0.6.3",
          "dependencies": {
            "async": {
              "version": "0.1.15",
              "from": "async@0.1.15"
            },
            "semver": {
              "version": "1.1.4",
              "from": "semver@~1.1.0"
            },
            "readable-stream": {
              "version": "1.0.27-1",
              "from": "readable-stream@~1.0.2",
              "dependencies": {
                "core-util-is": {
                  "version": "1.0.1",
                  "from": "core-util-is@~1.0.0"
                },
                "isarray": {
                  "version": "0.0.1",
                  "from": "isarray@0.0.1",
                  "resolved": "https://registry.npmjs.org/isarray/-/isarray-0.0.1.tgz"
                },
                "string_decoder": {
                  "version": "0.10.25-1",
                  "from": "string_decoder@~0.10.x"
                },
                "inherits": {
                  "version": "2.0.1",
                  "from": "inherits@~2.0.1"
                }
              }
            }
          }
        },
        "useragent": {
          "version": "2.0.8",
          "from": "useragent@~2.0.4",
          "dependencies": {
            "lru-cache": {
              "version": "2.2.4",
              "from": "lru-cache@2.2.x"
            }
          }
        },
        "graceful-fs": {
          "version": "2.0.3",
          "from": "graceful-fs@~2.0.1"
        },
        "connect": {
          "version": "2.12.0",
          "from": "connect@~2.12.0",
          "dependencies": {
            "batch": {
              "version": "0.5.0",
              "from": "batch@0.5.0"
            },
            "qs": {
              "version": "0.6.6",
              "from": "qs@0.6.6"
            },
            "cookie-signature": {
              "version": "1.0.1",
              "from": "cookie-signature@1.0.1",
              "resolved": "https://registry.npmjs.org/cookie-signature/-/cookie-signature-1.0.1.tgz"
            },
            "buffer-crc32": {
              "version": "0.2.1",
              "from": "buffer-crc32@0.2.1",
              "resolved": "https://registry.npmjs.org/buffer-crc32/-/buffer-crc32-0.2.1.tgz"
            },
            "cookie": {
              "version": "0.1.0",
              "from": "cookie@0.1.0",
              "resolved": "https://registry.npmjs.org/cookie/-/cookie-0.1.0.tgz"
            },
            "send": {
              "version": "0.1.4",
              "from": "send@0.1.4",
              "dependencies": {
                "range-parser": {
                  "version": "0.0.4",
                  "from": "range-parser@0.0.4"
                }
              }
            },
            "bytes": {
              "version": "0.2.1",
              "from": "bytes@0.2.1"
            },
            "fresh": {
              "version": "0.2.0",
              "from": "fresh@0.2.0",
              "resolved": "https://registry.npmjs.org/fresh/-/fresh-0.2.0.tgz"
            },
            "pause": {
              "version": "0.0.1",
              "from": "pause@0.0.1"
            },
            "uid2": {
              "version": "0.0.3",
              "from": "uid2@0.0.3",
              "resolved": "https://registry.npmjs.org/uid2/-/uid2-0.0.3.tgz"
            },
            "debug": {
              "version": "0.8.1",
              "from": "debug@>= 0.7.3 < 1"
            },
            "methods": {
              "version": "0.1.0",
              "from": "methods@0.1.0"
            },
            "raw-body": {
              "version": "1.1.2",
              "from": "raw-body@1.1.2"
            },
            "negotiator": {
              "version": "0.3.0",
              "from": "negotiator@0.3.0"
            },
            "multiparty": {
              "version": "2.2.0",
              "from": "multiparty@2.2.0",
              "resolved": "https://registry.npmjs.org/multiparty/-/multiparty-2.2.0.tgz",
              "dependencies": {
                "readable-stream": {
                  "version": "1.1.13-1",
                  "from": "readable-stream@~1.1.9",
                  "dependencies": {
                    "core-util-is": {
                      "version": "1.0.1",
                      "from": "core-util-is@~1.0.0"
                    },
                    "isarray": {
                      "version": "0.0.1",
                      "from": "isarray@0.0.1",
                      "resolved": "https://registry.npmjs.org/isarray/-/isarray-0.0.1.tgz"
                    },
                    "string_decoder": {
                      "version": "0.10.25-1",
                      "from": "string_decoder@~0.10.x"
                    },
                    "inherits": {
                      "version": "2.0.1",
                      "from": "inherits@~2.0.1"
                    }
                  }
                },
                "stream-counter": {
                  "version": "0.2.0",
                  "from": "stream-counter@~0.2.0"
                }
              }
            }
          }
        },
        "source-map": {
          "version": "0.1.33",
          "from": "source-map@~0.1.31",
          "dependencies": {
            "amdefine": {
              "version": "0.1.0",
              "from": "amdefine@>=0.0.4"
            }
          }
        }
      }
    },
    "karma-chrome-launcher": {
      "version": "0.1.2",
      "from": "karma-chrome-launcher@0.1.2",
      "resolved": "https://registry.npmjs.org/karma-chrome-launcher/-/karma-chrome-launcher-0.1.2.tgz"
    },
    "karma-firefox-launcher": {
      "version": "0.1.3",
      "from": "karma-firefox-launcher@0.1.3",
      "resolved": "https://registry.npmjs.org/karma-firefox-launcher/-/karma-firefox-launcher-0.1.3.tgz"
    },
    "karma-ie-launcher": {
      "version": "0.1.3",
      "from": "karma-ie-launcher@0.1.3",
      "resolved": "https://registry.npmjs.org/karma-ie-launcher/-/karma-ie-launcher-0.1.3.tgz"
    },
    "karma-jasmine": {
      "version": "0.2.2",
      "from": "karma-jasmine@0.2.2",
      "resolved": "https://registry.npmjs.org/karma-jasmine/-/karma-jasmine-0.2.2.tgz"
    },
    "karma-junit-reporter": {
      "version": "0.2.1",
      "from": "karma-junit-reporter@0.2.1",
      "resolved": "https://registry.npmjs.org/karma-junit-reporter/-/karma-junit-reporter-0.2.1.tgz",
      "dependencies": {
        "xmlbuilder": {
          "version": "0.4.2",
          "from": "xmlbuilder@0.4.2",
          "resolved": "https://registry.npmjs.org/xmlbuilder/-/xmlbuilder-0.4.2.tgz"
        }
      }
    },
    "karma-phantomjs-launcher": {
      "version": "0.1.2",
      "from": "karma-phantomjs-launcher@0.1.2",
      "resolved": "https://registry.npmjs.org/karma-phantomjs-launcher/-/karma-phantomjs-launcher-0.1.2.tgz",
      "dependencies": {
        "phantomjs": {
          "version": "1.9.7-5",
          "from": "phantomjs@~1.9",
          "resolved": "https://registry.npmjs.org/phantomjs/-/phantomjs-1.9.7-5.tgz",
          "dependencies": {
            "adm-zip": {
              "version": "0.2.1",
              "from": "adm-zip@0.2.1"
            },
            "kew": {
              "version": "0.1.7",
              "from": "kew@~0.1.7"
            },
            "ncp": {
              "version": "0.4.2",
              "from": "ncp@0.4.2",
              "resolved": "https://registry.npmjs.org/ncp/-/ncp-0.4.2.tgz"
            },
            "npmconf": {
              "version": "0.0.24",
              "from": "npmconf@0.0.24",
              "dependencies": {
                "config-chain": {
                  "version": "1.1.8",
                  "from": "config-chain@~1.1.1",
                  "dependencies": {
                    "proto-list": {
                      "version": "1.2.2",
                      "from": "proto-list@~1.2.1"
                    }
                  }
                },
                "inherits": {
                  "version": "1.0.0",
                  "from": "inherits@~1.0.0"
                },
                "once": {
                  "version": "1.1.1",
                  "from": "once@~1.1.1"
                },
                "osenv": {
                  "version": "0.0.3",
                  "from": "osenv@0.0.3",
                  "resolved": "https://registry.npmjs.org/osenv/-/osenv-0.0.3.tgz"
                },
                "nopt": {
                  "version": "2.2.1",
                  "from": "nopt@2",
                  "resolved": "https://registry.npmjs.org/nopt/-/nopt-2.2.1.tgz",
                  "dependencies": {
                    "abbrev": {
                      "version": "1.0.5",
                      "from": "abbrev@1",
                      "resolved": "https://registry.npmjs.org/abbrev/-/abbrev-1.0.5.tgz"
                    }
                  }
                },
                "semver": {
                  "version": "1.1.4",
                  "from": "semver@~1.1.0"
                },
                "ini": {
                  "version": "1.1.0",
                  "from": "ini@~1.1.0"
                }
              }
            },
            "rimraf": {
              "version": "2.2.8",
              "from": "rimraf@~2.2.2",
              "resolved": "https://registry.npmjs.org/rimraf/-/rimraf-2.2.8.tgz"
            },
            "which": {
              "version": "1.0.5",
              "from": "which@~1.0.5"
            }
          }
        }
      }
    },
    "karma-script-launcher": {
      "version": "0.1.0",
      "from": "karma-script-launcher@0.1.0",
      "resolved": "https://registry.npmjs.org/karma-script-launcher/-/karma-script-launcher-0.1.0.tgz"
    },
    "mkdirp": {
      "version": "0.3.5",
      "from": "mkdirp@0.3.5",
      "resolved": "https://registry.npmjs.org/mkdirp/-/mkdirp-0.3.5.tgz"
    },
    "source-map-support": {
      "version": "0.2.6",
      "from": "source-map-support@~0.2.5",
      "resolved": "https://registry.npmjs.org/source-map-support/-/source-map-support-0.2.6.tgz",
      "dependencies": {
        "source-map": {
          "version": "0.1.32",
          "from": "source-map@0.1.32",
          "resolved": "https://registry.npmjs.org/source-map/-/source-map-0.1.32.tgz",
          "dependencies": {
            "amdefine": {
              "version": "0.1.0",
              "from": "amdefine@>=0.0.4"
            }
          }
        }
      }
    },
    "watchr": {
      "version": "2.4.11",
      "from": "watchr@2.4.11",
      "resolved": "https://registry.npmjs.org/watchr/-/watchr-2.4.11.tgz",
      "dependencies": {
        "bal-util": {
          "version": "2.4.1",
          "from": "bal-util@~2.4.1",
          "dependencies": {
            "ambi": {
              "version": "2.1.6",
              "from": "ambi@~2.1.6"
            }
          }
        },
        "typechecker": {
          "version": "2.0.8",
          "from": "typechecker@~2.0.8"
        },
        "extendr": {
          "version": "2.1.0",
          "from": "extendr@~2.1.0"
        },
        "eachr": {
          "version": "2.0.2",
          "from": "eachr@~2.0.2"
        },
        "safefs": {
          "version": "3.1.1",
          "from": "safefs@~3.1.1",
          "dependencies": {
            "graceful-fs": {
              "version": "2.0.3",
              "from": "graceful-fs@~2.0.1"
            }
          }
        },
        "taskgroup": {
          "version": "3.3.9",
          "from": "taskgroup@~3.3.8",
          "resolved": "https://registry.npmjs.org/taskgroup/-/taskgroup-3.3.9.tgz",
          "dependencies": {
            "ambi": {
              "version": "2.1.6",
              "from": "ambi@~2.1.5"
            },
            "extendonclass": {
              "version": "1.0.1",
              "from": "extendonclass@~1.0.0",
              "resolved": "https://registry.npmjs.org/extendonclass/-/extendonclass-1.0.1.tgz"
            }
          }
        },
        "ignorefs": {
          "version": "1.0.0",
          "from": "ignorefs@~1.0.0",
          "dependencies": {
            "ignorepatterns": {
              "version": "1.0.1",
              "from": "ignorepatterns@~1.0.0"
            }
          }
        },
        "extract-opts": {
          "version": "2.2.0",
          "from": "extract-opts@~2.2.0"
        }
      }
    },
    "webpack": {
      "version": "1.0.0-rc11",
      "from": "webpack@1.0.0-rc11",
      "resolved": "https://registry.npmjs.org/webpack/-/webpack-1.0.0-rc11.tgz",
      "dependencies": {
        "esprima": {
          "version": "1.0.4",
          "from": "esprima@1.0.x"
        },
        "optimist": {
          "version": "0.6.1",
          "from": "optimist@0.6.x",
          "dependencies": {
            "wordwrap": {
              "version": "0.0.2",
              "from": "wordwrap@~0.0.2"
            },
            "minimist": {
              "version": "0.0.10",
              "from": "minimist@~0.0.1",
              "resolved": "https://registry.npmjs.org/minimist/-/minimist-0.0.10.tgz"
            }
          }
        },
        "uglify-js": {
          "version": "2.4.13",
          "from": "uglify-js@2.4.x",
          "dependencies": {
            "source-map": {
              "version": "0.1.33",
              "from": "source-map@0.1.x",
              "dependencies": {
                "amdefine": {
                  "version": "0.1.0",
                  "from": "amdefine@>=0.0.4"
                }
              }
            },
            "optimist": {
              "version": "0.3.7",
              "from": "optimist@~0.3.5",
              "dependencies": {
                "wordwrap": {
                  "version": "0.0.2",
                  "from": "wordwrap@~0.0.2"
                }
              }
            },
            "uglify-to-browserify": {
              "version": "1.0.2",
              "from": "uglify-to-browserify@~1.0.0"
            }
          }
        },
        "async": {
          "version": "0.2.10",
          "from": "async@0.2.x"
        },
        "enhanced-resolve": {
          "version": "0.7.4",
          "from": "enhanced-resolve@0.7.x",
          "dependencies": {
            "graceful-fs": {
              "version": "2.0.3",
              "from": "graceful-fs@~2.0.3"
            }
          }
        },
        "clone": {
          "version": "0.1.15",
          "from": "clone@0.1.x",
          "resolved": "https://registry.npmjs.org/clone/-/clone-0.1.15.tgz"
        },
        "webpack-core": {
          "version": "0.3.4",
          "from": "webpack-core@0.3.x",
          "dependencies": {
            "source-map": {
              "version": "0.1.33",
              "from": "source-map@0.1.x",
              "dependencies": {
                "amdefine": {
                  "version": "0.1.0",
                  "from": "amdefine@>=0.0.4"
                }
              }
            }
          }
        },
        "node-libs-browser": {
          "version": "0.1.2",
          "from": "node-libs-browser@0.1.x",
          "dependencies": {
            "console-browserify": {
              "version": "0.1.6",
              "from": "console-browserify@0.1.6",
              "resolved": "https://registry.npmjs.org/console-browserify/-/console-browserify-0.1.6.tgz"
            },
            "vm-browserify": {
              "version": "0.0.1",
              "from": "vm-browserify@0.0.1",
              "resolved": "https://registry.npmjs.org/vm-browserify/-/vm-browserify-0.0.1.tgz"
            },
            "crypto-browserify": {
              "version": "0.2.1",
              "from": "crypto-browserify@0.2.1",
              "resolved": "https://registry.npmjs.org/crypto-browserify/-/crypto-browserify-0.2.1.tgz"
            },
            "http-browserify": {
              "version": "0.1.6",
              "from": "http-browserify@0.1.6",
              "resolved": "https://registry.npmjs.org/http-browserify/-/http-browserify-0.1.6.tgz",
              "dependencies": {
                "concat-stream": {
                  "version": "0.0.8",
                  "from": "concat-stream@0.0.8",
                  "resolved": "https://registry.npmjs.org/concat-stream/-/concat-stream-0.0.8.tgz"
                }
              }
            },
            "buffer-browserify": {
              "version": "0.0.4",
              "from": "buffer-browserify@0.0.4",
              "resolved": "https://registry.npmjs.org/buffer-browserify/-/buffer-browserify-0.0.4.tgz",
              "dependencies": {
                "base64-js": {
                  "version": "0.0.2",
                  "from": "base64-js@0.0.2",
                  "resolved": "https://registry.npmjs.org/base64-js/-/base64-js-0.0.2.tgz"
                }
              }
            },
            "zlib-browserify": {
              "version": "0.0.1",
              "from": "zlib-browserify@0.0.1"
            }
          }
        },
        "tapable": {
          "version": "0.1.5",
          "from": "tapable@0.1.x"
        },
        "base64-encode": {
          "version": "1.0.1",
          "from": "base64-encode@1.0.x"
        }
      }
    },
    "when": {
      "version": "3.1.0",
      "from": "when@~3.1.0"
    }
  }
}
